
Microsoft Visual Studio Solution File, Format Version 12.00
# Visual Studio Version 16
VisualStudioVersion = 16.0.30413.136
MinimumVisualStudioVersion = 10.0.40219.1
Project("{FAE04EC0-301F-11D3-BF4B-00C04F79EFBC}") = "HashFunctionsAndMAC", "HashFunctionsAndMAC\HashFunctionsAndMAC.csproj", "{3ADE7B6C-444C-47AD-87C5-877348BF9D2E}"
EndProject
Global
	GlobalSection(SolutionConfigurationPlatforms) = preSolution
		Debug|Any CPU = Debug|Any CPU
		Release|Any CPU = Release|Any CPU
	EndGlobalSection
	GlobalSection(ProjectConfigurationPlatforms) = postSolution
		{3ADE7B6C-444C-47AD-87C5-877348BF9D2E}.Debug|Any CPU.ActiveCfg = Debug|Any CPU
		{3ADE7B6C-444C-47AD-87C5-877348BF9D2E}.Debug|Any CPU.Build.0 = Debug|Any CPU
		{3ADE7B6C-444C-47AD-87C5-877348BF9D2E}.Release|Any CPU.ActiveCfg = Release|Any CPU
		{3ADE7B6C-444C-47AD-87C5-877348BF9D2E}.Release|Any CPU.Build.0 = Release|Any CPU
	EndGlobalSection
	GlobalSection(SolutionProperties) = preSolution
		HideSolutionNode = FALSE
	EndGlobalSection
	GlobalSection(ExtensibilityGlobals) = postSolution
		SolutionGuid = {E21311C2-B40A-49D6-B159-0217F831DA70}
	EndGlobalSection
EndGlobal
