
Microsoft Visual Studio Solution File, Format Version 12.00
# Visual Studio Version 16
VisualStudioVersion = 16.0.31005.135
MinimumVisualStudioVersion = 10.0.40219.1
Project("{8BC9CEB8-8B4A-11D0-8D11-00A0C91BC942}") = "1", "1\1.vcxproj", "{93D83B0B-1791-452F-949F-4478D8903E8A}"
EndProject
Global
	GlobalSection(SolutionConfigurationPlatforms) = preSolution
		Debug|x64 = Debug|x64
		Debug|x86 = Debug|x86
		Release|x64 = Release|x64
		Release|x86 = Release|x86
	EndGlobalSection
	GlobalSection(ProjectConfigurationPlatforms) = postSolution
		{93D83B0B-1791-452F-949F-4478D8903E8A}.Debug|x64.ActiveCfg = Debug|x64
		{93D83B0B-1791-452F-949F-4478D8903E8A}.Debug|x64.Build.0 = Debug|x64
		{93D83B0B-1791-452F-949F-4478D8903E8A}.Debug|x86.ActiveCfg = Debug|Win32
		{93D83B0B-1791-452F-949F-4478D8903E8A}.Debug|x86.Build.0 = Debug|Win32
		{93D83B0B-1791-452F-949F-4478D8903E8A}.Release|x64.ActiveCfg = Release|x64
		{93D83B0B-1791-452F-949F-4478D8903E8A}.Release|x64.Build.0 = Release|x64
		{93D83B0B-1791-452F-949F-4478D8903E8A}.Release|x86.ActiveCfg = Release|Win32
		{93D83B0B-1791-452F-949F-4478D8903E8A}.Release|x86.Build.0 = Release|Win32
	EndGlobalSection
	GlobalSection(SolutionProperties) = preSolution
		HideSolutionNode = FALSE
	EndGlobalSection
	GlobalSection(ExtensibilityGlobals) = postSolution
		SolutionGuid = {917A07F4-9FA9-424B-8862-DE10EFFDF116}
	EndGlobalSection
EndGlobal
