
Microsoft Visual Studio Solution File, Format Version 12.00
# Visual Studio Version 16
VisualStudioVersion = 16.0.30413.136
MinimumVisualStudioVersion = 10.0.40219.1
Project("{FAE04EC0-301F-11D3-BF4B-00C04F79EFBC}") = "Bob", "Bob\Bob.csproj", "{19B86D56-00C4-49D6-9668-A838510F9309}"
EndProject
Global
	GlobalSection(SolutionConfigurationPlatforms) = preSolution
		Debug|Any CPU = Debug|Any CPU
		Release|Any CPU = Release|Any CPU
	EndGlobalSection
	GlobalSection(ProjectConfigurationPlatforms) = postSolution
		{19B86D56-00C4-49D6-9668-A838510F9309}.Debug|Any CPU.ActiveCfg = Debug|Any CPU
		{19B86D56-00C4-49D6-9668-A838510F9309}.Debug|Any CPU.Build.0 = Debug|Any CPU
		{19B86D56-00C4-49D6-9668-A838510F9309}.Release|Any CPU.ActiveCfg = Release|Any CPU
		{19B86D56-00C4-49D6-9668-A838510F9309}.Release|Any CPU.Build.0 = Release|Any CPU
	EndGlobalSection
	GlobalSection(SolutionProperties) = preSolution
		HideSolutionNode = FALSE
	EndGlobalSection
	GlobalSection(ExtensibilityGlobals) = postSolution
		SolutionGuid = {49AA3E54-87D0-414B-949A-D968275D86E8}
	EndGlobalSection
EndGlobal
