
Microsoft Visual Studio Solution File, Format Version 12.00
# Visual Studio Version 16
VisualStudioVersion = 16.0.30413.136
MinimumVisualStudioVersion = 10.0.40219.1
Project("{FAE04EC0-301F-11D3-BF4B-00C04F79EFBC}") = "ECB-Encryption", "ECB-Encryption\ECB-Encryption.csproj", "{7FC0908F-45EB-445F-A63C-D8B948A78705}"
EndProject
Global
	GlobalSection(SolutionConfigurationPlatforms) = preSolution
		Debug|Any CPU = Debug|Any CPU
		Release|Any CPU = Release|Any CPU
	EndGlobalSection
	GlobalSection(ProjectConfigurationPlatforms) = postSolution
		{7FC0908F-45EB-445F-A63C-D8B948A78705}.Debug|Any CPU.ActiveCfg = Debug|Any CPU
		{7FC0908F-45EB-445F-A63C-D8B948A78705}.Debug|Any CPU.Build.0 = Debug|Any CPU
		{7FC0908F-45EB-445F-A63C-D8B948A78705}.Release|Any CPU.ActiveCfg = Release|Any CPU
		{7FC0908F-45EB-445F-A63C-D8B948A78705}.Release|Any CPU.Build.0 = Release|Any CPU
	EndGlobalSection
	GlobalSection(SolutionProperties) = preSolution
		HideSolutionNode = FALSE
	EndGlobalSection
	GlobalSection(ExtensibilityGlobals) = postSolution
		SolutionGuid = {0D8FC6BB-8129-42D3-9BEE-D0FDFF37B2CF}
	EndGlobalSection
EndGlobal
